
Microsoft Visual Studio Solution File, Format Version 12.00
# Visual Studio Version 17
VisualStudioVersion = 17.10.35201.131
MinimumVisualStudioVersion = 10.0.40219.1
Project("{9A19103F-16F7-4668-BE54-9A1E7A4F7556}") = "EFClassToTableApp", "EFWelcomeApp\EFClassToTableApp.csproj", "{BD33F032-1952-4FF8-812D-9081AD28929E}"
EndProject
Global
	GlobalSection(SolutionConfigurationPlatforms) = preSolution
		Debug|Any CPU = Debug|Any CPU
		Release|Any CPU = Release|Any CPU
	EndGlobalSection
	GlobalSection(ProjectConfigurationPlatforms) = postSolution
		{BD33F032-1952-4FF8-812D-9081AD28929E}.Debug|Any CPU.ActiveCfg = Debug|Any CPU
		{BD33F032-1952-4FF8-812D-9081AD28929E}.Debug|Any CPU.Build.0 = Debug|Any CPU
		{BD33F032-1952-4FF8-812D-9081AD28929E}.Release|Any CPU.ActiveCfg = Release|Any CPU
		{BD33F032-1952-4FF8-812D-9081AD28929E}.Release|Any CPU.Build.0 = Release|Any CPU
	EndGlobalSection
	GlobalSection(SolutionProperties) = preSolution
		HideSolutionNode = FALSE
	EndGlobalSection
	GlobalSection(ExtensibilityGlobals) = postSolution
		SolutionGuid = {7ABFB34A-38A5-4352-9FE9-73BFBE959327}
	EndGlobalSection
EndGlobal
